// !$*UTF8*$!
{
	archiveVersion = 1;
	classes = {
	};
	objectVersion = 50;
	objects = {

/* Begin PBXBuildFile section */
		3166D865255E81D200E5FB7F /* IdeasPalaceApp.swift in Sources */ = {isa = PBXBuildFile; fileRef = 3166D864255E81D200E5FB7F /* IdeasPalaceApp.swift */; };
		3166D867255E81D200E5FB7F /* ContentView.swift in Sources */ = {isa = PBXBuildFile; fileRef = 3166D866255E81D200E5FB7F /* ContentView.swift */; };
		3166D869255E81DA00E5FB7F /* Assets.xcassets in Resources */ = {isa = PBXBuildFile; fileRef = 3166D868255E81DA00E5FB7F /* Assets.xcassets */; };
		3166D86C255E81DA00E5FB7F /* Preview Assets.xcassets in Resources */ = {isa = PBXBuildFile; fileRef = 3166D86B255E81DA00E5FB7F /* Preview Assets.xcassets */; };
		3166D87B255E82C800E5FB7F /* Main.xcdatamodeld in Sources */ = {isa = PBXBuildFile; fileRef = 3166D879255E82C800E5FB7F /* Main.xcdatamodeld */; };
		3166D87E255E864600E5FB7F /* DataController.swift in Sources */ = {isa = PBXBuildFile; fileRef = 3166D87D255E864600E5FB7F /* DataController.swift */; };
		3166D884255E8D8C00E5FB7F /* CloudKit.framework in Frameworks */ = {isa = PBXBuildFile; fileRef = 3166D883255E8D8C00E5FB7F /* CloudKit.framework */; };
		3166D887255E8F2C00E5FB7F /* HomeView.swift in Sources */ = {isa = PBXBuildFile; fileRef = 3166D886255E8F2C00E5FB7F /* HomeView.swift */; };
		3166D88E255E8FD400E5FB7F /* PalacesView.swift in Sources */ = {isa = PBXBuildFile; fileRef = 3166D88D255E8FD400E5FB7F /* PalacesView.swift */; };
/* End PBXBuildFile section */

/* Begin PBXFileReference section */
		3166D861255E81D200E5FB7F /* IdeasPalace.app */ = {isa = PBXFileReference; explicitFileType = wrapper.application; includeInIndex = 0; path = IdeasPalace.app; sourceTree = BUILT_PRODUCTS_DIR; };
		3166D864255E81D200E5FB7F /* IdeasPalaceApp.swift */ = {isa = PBXFileReference; lastKnownFileType = sourcecode.swift; path = IdeasPalaceApp.swift; sourceTree = "<group>"; };
		3166D866255E81D200E5FB7F /* ContentView.swift */ = {isa = PBXFileReference; lastKnownFileType = sourcecode.swift; path = ContentView.swift; sourceTree = "<group>"; };
		3166D868255E81DA00E5FB7F /* Assets.xcassets */ = {isa = PBXFileReference; lastKnownFileType = folder.assetcatalog; path = Assets.xcassets; sourceTree = "<group>"; };
		3166D86B255E81DA00E5FB7F /* Preview Assets.xcassets */ = {isa = PBXFileReference; lastKnownFileType = folder.assetcatalog; path = "Preview Assets.xcassets"; sourceTree = "<group>"; };
		3166D86D255E81DA00E5FB7F /* Info.plist */ = {isa = PBXFileReference; lastKnownFileType = text.plist.xml; path = Info.plist; sourceTree = "<group>"; };
		3166D87A255E82C800E5FB7F /* Main.xcdatamodel */ = {isa = PBXFileReference; lastKnownFileType = wrapper.xcdatamodel; path = Main.xcdatamodel; sourceTree = "<group>"; };
		3166D87D255E864600E5FB7F /* DataController.swift */ = {isa = PBXFileReference; lastKnownFileType = sourcecode.swift; path = DataController.swift; sourceTree = "<group>"; };
		3166D880255E8D5900E5FB7F /* IdeasPalace.entitlements */ = {isa = PBXFileReference; lastKnownFileType = text.plist.entitlements; path = IdeasPalace.entitlements; sourceTree = "<group>"; };
		3166D883255E8D8C00E5FB7F /* CloudKit.framework */ = {isa = PBXFileReference; lastKnownFileType = wrapper.framework; name = CloudKit.framework; path = System/Library/Frameworks/CloudKit.framework; sourceTree = SDKROOT; };
		3166D886255E8F2C00E5FB7F /* HomeView.swift */ = {isa = PBXFileReference; lastKnownFileType = sourcecode.swift; path = HomeView.swift; sourceTree = "<group>"; };
		3166D88D255E8FD400E5FB7F /* PalacesView.swift */ = {isa = PBXFileReference; lastKnownFileType = sourcecode.swift; path = PalacesView.swift; sourceTree = "<group>"; };
/* End PBXFileReference section */

/* Begin PBXFrameworksBuildPhase section */
		3166D85E255E81D200E5FB7F /* Frameworks */ = {
			isa = PBXFrameworksBuildPhase;
			buildActionMask = 2147483647;
			files = (
				3166D884255E8D8C00E5FB7F /* CloudKit.framework in Frameworks */,
			);
			runOnlyForDeploymentPostprocessing = 0;
		};
/* End PBXFrameworksBuildPhase section */

/* Begin PBXGroup section */
		3166D858255E81D200E5FB7F = {
			isa = PBXGroup;
			children = (
				3166D863255E81D200E5FB7F /* IdeasPalace */,
				3166D862255E81D200E5FB7F /* Products */,
				3166D882255E8D8C00E5FB7F /* Frameworks */,
			);
			sourceTree = "<group>";
		};
		3166D862255E81D200E5FB7F /* Products */ = {
			isa = PBXGroup;
			children = (
				3166D861255E81D200E5FB7F /* IdeasPalace.app */,
			);
			name = Products;
			sourceTree = "<group>";
		};
		3166D863255E81D200E5FB7F /* IdeasPalace */ = {
			isa = PBXGroup;
			children = (
				3166D868255E81DA00E5FB7F /* Assets.xcassets */,
				3166D866255E81D200E5FB7F /* ContentView.swift */,
				3166D87D255E864600E5FB7F /* DataController.swift */,
				3166D886255E8F2C00E5FB7F /* HomeView.swift */,
				3166D880255E8D5900E5FB7F /* IdeasPalace.entitlements */,
				3166D864255E81D200E5FB7F /* IdeasPalaceApp.swift */,
				3166D86D255E81DA00E5FB7F /* Info.plist */,
				3166D879255E82C800E5FB7F /* Main.xcdatamodeld */,
				3166D88D255E8FD400E5FB7F /* PalacesView.swift */,
				3166D86A255E81DA00E5FB7F /* Preview Content */,
			);
			path = IdeasPalace;
			sourceTree = "<group>";
		};
		3166D86A255E81DA00E5FB7F /* Preview Content */ = {
			isa = PBXGroup;
			children = (
				3166D86B255E81DA00E5FB7F /* Preview Assets.xcassets */,
			);
			path = "Preview Content";
			sourceTree = "<group>";
		};
		3166D882255E8D8C00E5FB7F /* Frameworks */ = {
			isa = PBXGroup;
			children = (
				3166D883255E8D8C00E5FB7F /* CloudKit.framework */,
			);
			name = Frameworks;
			sourceTree = "<group>";
		};
/* End PBXGroup section */

/* Begin PBXNativeTarget section */
		3166D860255E81D200E5FB7F /* IdeasPalace */ = {
			isa = PBXNativeTarget;
			buildConfigurationList = 3166D870255E81DA00E5FB7F /* Build configuration list for PBXNativeTarget "IdeasPalace" */;
			buildPhases = (
				3166D85D255E81D200E5FB7F /* Sources */,
				3166D85E255E81D200E5FB7F /* Frameworks */,
				3166D85F255E81D200E5FB7F /* Resources */,
			);
			buildRules = (
			);
			dependencies = (
			);
			name = IdeasPalace;
			productName = IdeasPalace;
			productReference = 3166D861255E81D200E5FB7F /* IdeasPalace.app */;
			productType = "com.apple.product-type.application";
		};
/* End PBXNativeTarget section */

/* Begin PBXProject section */
		3166D859255E81D200E5FB7F /* Project object */ = {
			isa = PBXProject;
			attributes = {
				LastSwiftUpdateCheck = 1210;
				LastUpgradeCheck = 1210;
				TargetAttributes = {
					3166D860255E81D200E5FB7F = {
						CreatedOnToolsVersion = 12.1;
					};
				};
			};
			buildConfigurationList = 3166D85C255E81D200E5FB7F /* Build configuration list for PBXProject "IdeasPalace" */;
			compatibilityVersion = "Xcode 9.3";
			developmentRegion = en;
			hasScannedForEncodings = 0;
			knownRegions = (
				en,
				Base,
			);
			mainGroup = 3166D858255E81D200E5FB7F;
			productRefGroup = 3166D862255E81D200E5FB7F /* Products */;
			projectDirPath = "";
			projectRoot = "";
			targets = (
				3166D860255E81D200E5FB7F /* IdeasPalace */,
			);
		};
/* End PBXProject section */

/* Begin PBXResourcesBuildPhase section */
		3166D85F255E81D200E5FB7F /* Resources */ = {
			isa = PBXResourcesBuildPhase;
			buildActionMask = 2147483647;
			files = (
				3166D86C255E81DA00E5FB7F /* Preview Assets.xcassets in Resources */,
				3166D869255E81DA00E5FB7F /* Assets.xcassets in Resources */,
			);
			runOnlyForDeploymentPostprocessing = 0;
		};
/* End PBXResourcesBuildPhase section */

/* Begin PBXSourcesBuildPhase section */
		3166D85D255E81D200E5FB7F /* Sources */ = {
			isa = PBXSourcesBuildPhase;
			buildActionMask = 2147483647;
			files = (
				3166D87B255E82C800E5FB7F /* Main.xcdatamodeld in Sources */,
				3166D87E255E864600E5FB7F /* DataController.swift in Sources */,
				3166D867255E81D200E5FB7F /* ContentView.swift in Sources */,
				3166D887255E8F2C00E5FB7F /* HomeView.swift in Sources */,
				3166D88E255E8FD400E5FB7F /* PalacesView.swift in Sources */,
				3166D865255E81D200E5FB7F /* IdeasPalaceApp.swift in Sources */,
			);
			runOnlyForDeploymentPostprocessing = 0;
		};
/* End PBXSourcesBuildPhase section */

/* Begin XCBuildConfiguration section */
		3166D86E255E81DA00E5FB7F /* Debug */ = {
			isa = XCBuildConfiguration;
			buildSettings = {
				ALWAYS_SEARCH_USER_PATHS = NO;
				CLANG_ANALYZER_NONNULL = YES;
				CLANG_ANALYZER_NUMBER_OBJECT_CONVERSION = YES_AGGRESSIVE;
				CLANG_CXX_LANGUAGE_STANDARD = "gnu++14";
				CLANG_CXX_LIBRARY = "libc++";
				CLANG_ENABLE_MODULES = YES;
				CLANG_ENABLE_OBJC_ARC = YES;
				CLANG_ENABLE_OBJC_WEAK = YES;
				CLANG_WARN_BLOCK_CAPTURE_AUTORELEASING = YES;
				CLANG_WARN_BOOL_CONVERSION = YES;
				CLANG_WARN_COMMA = YES;
				CLANG_WARN_CONSTANT_CONVERSION = YES;
				CLANG_WARN_DEPRECATED_OBJC_IMPLEMENTATIONS = YES;
				CLANG_WARN_DIRECT_OBJC_ISA_USAGE = YES_ERROR;
				CLANG_WARN_DOCUMENTATION_COMMENTS = YES;
				CLANG_WARN_EMPTY_BODY = YES;
				CLANG_WARN_ENUM_CONVERSION = YES;
				CLANG_WARN_INFINITE_RECURSION = YES;
				CLANG_WARN_INT_CONVERSION = YES;
				CLANG_WARN_NON_LITERAL_NULL_CONVERSION = YES;
				CLANG_WARN_OBJC_IMPLICIT_RETAIN_SELF = YES;
				CLANG_WARN_OBJC_LITERAL_CONVERSION = YES;
				CLANG_WARN_OBJC_ROOT_CLASS = YES_ERROR;
				CLANG_WARN_QUOTED_INCLUDE_IN_FRAMEWORK_HEADER = YES;
				CLANG_WARN_RANGE_LOOP_ANALYSIS = YES;
				CLANG_WARN_STRICT_PROTOTYPES = YES;
				CLANG_WARN_SUSPICIOUS_MOVE = YES;
				CLANG_WARN_UNGUARDED_AVAILABILITY = YES_AGGRESSIVE;
				CLANG_WARN_UNREACHABLE_CODE = YES;
				CLANG_WARN__DUPLICATE_METHOD_MATCH = YES;
				COPY_PHASE_STRIP = NO;
				DEBUG_INFORMATION_FORMAT = dwarf;
				ENABLE_STRICT_OBJC_MSGSEND = YES;
				ENABLE_TESTABILITY = YES;
				GCC_C_LANGUAGE_STANDARD = gnu11;
				GCC_DYNAMIC_NO_PIC = NO;
				GCC_NO_COMMON_BLOCKS = YES;
				GCC_OPTIMIZATION_LEVEL = 0;
				GCC_PREPROCESSOR_DEFINITIONS = (
					"DEBUG=1",
					"$(inherited)",
				);
				GCC_WARN_64_TO_32_BIT_CONVERSION = YES;
				GCC_WARN_ABOUT_RETURN_TYPE = YES_ERROR;
				GCC_WARN_UNDECLARED_SELECTOR = YES;
				GCC_WARN_UNINITIALIZED_AUTOS = YES_AGGRESSIVE;
				GCC_WARN_UNUSED_FUNCTION = YES;
				GCC_WARN_UNUSED_VARIABLE = YES;
				IPHONEOS_DEPLOYMENT_TARGET = 14.1;
				MTL_ENABLE_DEBUG_INFO = INCLUDE_SOURCE;
				MTL_FAST_MATH = YES;
				ONLY_ACTIVE_ARCH = YES;
				SDKROOT = iphoneos;
				SWIFT_ACTIVE_COMPILATION_CONDITIONS = DEBUG;
				SWIFT_OPTIMIZATION_LEVEL = "-Onone";
			};
			name = Debug;
		};
		3166D86F255E81DA00E5FB7F /* Release */ = {
			isa = XCBuildConfiguration;
			buildSettings = {
				ALWAYS_SEARCH_USER_PATHS = NO;
				CLANG_ANALYZER_NONNULL = YES;
				CLANG_ANALYZER_NUMBER_OBJECT_CONVERSION = YES_AGGRESSIVE;
				CLANG_CXX_LANGUAGE_STANDARD = "gnu++14";
				CLANG_CXX_LIBRARY = "libc++";
				CLANG_ENABLE_MODULES = YES;
				CLANG_ENABLE_OBJC_ARC = YES;
				CLANG_ENABLE_OBJC_WEAK = YES;
				CLANG_WARN_BLOCK_CAPTURE_AUTORELEASING = YES;
				CLANG_WARN_BOOL_CONVERSION = YES;
				CLANG_WARN_COMMA = YES;
				CLANG_WARN_CONSTANT_CONVERSION = YES;
				CLANG_WARN_DEPRECATED_OBJC_IMPLEMENTATIONS = YES;
				CLANG_WARN_DIRECT_OBJC_ISA_USAGE = YES_ERROR;
				CLANG_WARN_DOCUMENTATION_COMMENTS = YES;
				CLANG_WARN_EMPTY_BODY = YES;
				CLANG_WARN_ENUM_CONVERSION = YES;
				CLANG_WARN_INFINITE_RECURSION = YES;
				CLANG_WARN_INT_CONVERSION = YES;
				CLANG_WARN_NON_LITERAL_NULL_CONVERSION = YES;
				CLANG_WARN_OBJC_IMPLICIT_RETAIN_SELF = YES;
				CLANG_WARN_OBJC_LITERAL_CONVERSION = YES;
				CLANG_WARN_OBJC_ROOT_CLASS = YES_ERROR;
				CLANG_WARN_QUOTED_INCLUDE_IN_FRAMEWORK_HEADER = YES;
				CLANG_WARN_RANGE_LOOP_ANALYSIS = YES;
				CLANG_WARN_STRICT_PROTOTYPES = YES;
				CLANG_WARN_SUSPICIOUS_MOVE = YES;
				CLANG_WARN_UNGUARDED_AVAILABILITY = YES_AGGRESSIVE;
				CLANG_WARN_UNREACHABLE_CODE = YES;
				CLANG_WARN__DUPLICATE_METHOD_MATCH = YES;
				COPY_PHASE_STRIP = NO;
				DEBUG_INFORMATION_FORMAT = "dwarf-with-dsym";
				ENABLE_NS_ASSERTIONS = NO;
				ENABLE_STRICT_OBJC_MSGSEND = YES;
				GCC_C_LANGUAGE_STANDARD = gnu11;
				GCC_NO_COMMON_BLOCKS = YES;
				GCC_WARN_64_TO_32_BIT_CONVERSION = YES;
				GCC_WARN_ABOUT_RETURN_TYPE = YES_ERROR;
				GCC_WARN_UNDECLARED_SELECTOR = YES;
				GCC_WARN_UNINITIALIZED_AUTOS = YES_AGGRESSIVE;
				GCC_WARN_UNUSED_FUNCTION = YES;
				GCC_WARN_UNUSED_VARIABLE = YES;
				IPHONEOS_DEPLOYMENT_TARGET = 14.1;
				MTL_ENABLE_DEBUG_INFO = NO;
				MTL_FAST_MATH = YES;
				SDKROOT = iphoneos;
				SWIFT_COMPILATION_MODE = wholemodule;
				SWIFT_OPTIMIZATION_LEVEL = "-O";
				VALIDATE_PRODUCT = YES;
			};
			name = Release;
		};
		3166D871255E81DA00E5FB7F /* Debug */ = {
			isa = XCBuildConfiguration;
			buildSettings = {
				ASSETCATALOG_COMPILER_APPICON_NAME = AppIcon;
				ASSETCATALOG_COMPILER_GLOBAL_ACCENT_COLOR_NAME = AccentColor;
				CODE_SIGN_ENTITLEMENTS = IdeasPalace/IdeasPalace.entitlements;
				CODE_SIGN_STYLE = Automatic;
				DEVELOPMENT_ASSET_PATHS = "\"IdeasPalace/Preview Content\"";
				DEVELOPMENT_TEAM = 63H3XHC5X4;
				ENABLE_PREVIEWS = YES;
				INFOPLIST_FILE = IdeasPalace/Info.plist;
				IPHONEOS_DEPLOYMENT_TARGET = 14.0;
				LD_RUNPATH_SEARCH_PATHS = (
					"$(inherited)",
					"@executable_path/Frameworks",
				);
				PRODUCT_BUNDLE_IDENTIFIER = com.krisdasiangchaew.IdeasPalace;
				PRODUCT_NAME = "$(TARGET_NAME)";
				SWIFT_VERSION = 5.0;
				TARGETED_DEVICE_FAMILY = "1,2";
			};
			name = Debug;
		};
		3166D872255E81DA00E5FB7F /* Release */ = {
			isa = XCBuildConfiguration;
			buildSettings = {
				ASSETCATALOG_COMPILER_APPICON_NAME = AppIcon;
				ASSETCATALOG_COMPILER_GLOBAL_ACCENT_COLOR_NAME = AccentColor;
				CODE_SIGN_ENTITLEMENTS = IdeasPalace/IdeasPalace.entitlements;
				CODE_SIGN_STYLE = Automatic;
				DEVELOPMENT_ASSET_PATHS = "\"IdeasPalace/Preview Content\"";
				DEVELOPMENT_TEAM = 63H3XHC5X4;
				ENABLE_PREVIEWS = YES;
				INFOPLIST_FILE = IdeasPalace/Info.plist;
				IPHONEOS_DEPLOYMENT_TARGET = 14.0;
				LD_RUNPATH_SEARCH_PATHS = (
					"$(inherited)",
					"@executable_path/Frameworks",
				);
				PRODUCT_BUNDLE_IDENTIFIER = com.krisdasiangchaew.IdeasPalace;
				PRODUCT_NAME = "$(TARGET_NAME)";
				SWIFT_VERSION = 5.0;
				TARGETED_DEVICE_FAMILY = "1,2";
			};
			name = Release;
		};
/* End XCBuildConfiguration section */

/* Begin XCConfigurationList section */
		3166D85C255E81D200E5FB7F /* Build configuration list for PBXProject "IdeasPalace" */ = {
			isa = XCConfigurationList;
			buildConfigurations = (
				3166D86E255E81DA00E5FB7F /* Debug */,
				3166D86F255E81DA00E5FB7F /* Release */,
			);
			defaultConfigurationIsVisible = 0;
			defaultConfigurationName = Release;
		};
		3166D870255E81DA00E5FB7F /* Build configuration list for PBXNativeTarget "IdeasPalace" */ = {
			isa = XCConfigurationList;
			buildConfigurations = (
				3166D871255E81DA00E5FB7F /* Debug */,
				3166D872255E81DA00E5FB7F /* Release */,
			);
			defaultConfigurationIsVisible = 0;
			defaultConfigurationName = Release;
		};
/* End XCConfigurationList section */

/* Begin XCVersionGroup section */
		3166D879255E82C800E5FB7F /* Main.xcdatamodeld */ = {
			isa = XCVersionGroup;
			children = (
				3166D87A255E82C800E5FB7F /* Main.xcdatamodel */,
			);
			currentVersion = 3166D87A255E82C800E5FB7F /* Main.xcdatamodel */;
			path = Main.xcdatamodeld;
			sourceTree = "<group>";
			versionGroupType = wrapper.xcdatamodel;
		};
/* End XCVersionGroup section */
	};
	rootObject = 3166D859255E81D200E5FB7F /* Project object */;
}
